
Microsoft Visual Studio Solution File, Format Version 12.00
# Visual Studio Version 16
VisualStudioVersion = 16.0.31205.134
MinimumVisualStudioVersion = 10.0.40219.1
Project("{8BC9CEB8-8B4A-11D0-8D11-00A0C91BC942}") = "字符串", "字符串\字符串.vcxproj", "{546BEB0D-0473-4259-8ED9-D5E162DA55C1}"
EndProject
Global
	GlobalSection(SolutionConfigurationPlatforms) = preSolution
		Debug|x64 = Debug|x64
		Debug|x86 = Debug|x86
		Release|x64 = Release|x64
		Release|x86 = Release|x86
	EndGlobalSection
	GlobalSection(ProjectConfigurationPlatforms) = postSolution
		{546BEB0D-0473-4259-8ED9-D5E162DA55C1}.Debug|x64.ActiveCfg = Debug|x64
		{546BEB0D-0473-4259-8ED9-D5E162DA55C1}.Debug|x64.Build.0 = Debug|x64
		{546BEB0D-0473-4259-8ED9-D5E162DA55C1}.Debug|x86.ActiveCfg = Debug|Win32
		{546BEB0D-0473-4259-8ED9-D5E162DA55C1}.Debug|x86.Build.0 = Debug|Win32
		{546BEB0D-0473-4259-8ED9-D5E162DA55C1}.Release|x64.ActiveCfg = Release|x64
		{546BEB0D-0473-4259-8ED9-D5E162DA55C1}.Release|x64.Build.0 = Release|x64
		{546BEB0D-0473-4259-8ED9-D5E162DA55C1}.Release|x86.ActiveCfg = Release|Win32
		{546BEB0D-0473-4259-8ED9-D5E162DA55C1}.Release|x86.Build.0 = Release|Win32
	EndGlobalSection
	GlobalSection(SolutionProperties) = preSolution
		HideSolutionNode = FALSE
	EndGlobalSection
	GlobalSection(ExtensibilityGlobals) = postSolution
		SolutionGuid = {338EFA09-5B33-454A-9833-CF112AD7077E}
	EndGlobalSection
EndGlobal
