
Microsoft Visual Studio Solution File, Format Version 12.00
# Visual Studio Version 16
VisualStudioVersion = 16.0.31205.134
MinimumVisualStudioVersion = 10.0.40219.1
Project("{8BC9CEB8-8B4A-11D0-8D11-00A0C91BC942}") = "分区", "分区\分区.vcxproj", "{C3FA0735-8A78-41E0-A1AC-CF2087F363BD}"
EndProject
Global
	GlobalSection(SolutionConfigurationPlatforms) = preSolution
		Debug|x64 = Debug|x64
		Debug|x86 = Debug|x86
		Release|x64 = Release|x64
		Release|x86 = Release|x86
	EndGlobalSection
	GlobalSection(ProjectConfigurationPlatforms) = postSolution
		{C3FA0735-8A78-41E0-A1AC-CF2087F363BD}.Debug|x64.ActiveCfg = Debug|x64
		{C3FA0735-8A78-41E0-A1AC-CF2087F363BD}.Debug|x64.Build.0 = Debug|x64
		{C3FA0735-8A78-41E0-A1AC-CF2087F363BD}.Debug|x86.ActiveCfg = Debug|Win32
		{C3FA0735-8A78-41E0-A1AC-CF2087F363BD}.Debug|x86.Build.0 = Debug|Win32
		{C3FA0735-8A78-41E0-A1AC-CF2087F363BD}.Release|x64.ActiveCfg = Release|x64
		{C3FA0735-8A78-41E0-A1AC-CF2087F363BD}.Release|x64.Build.0 = Release|x64
		{C3FA0735-8A78-41E0-A1AC-CF2087F363BD}.Release|x86.ActiveCfg = Release|Win32
		{C3FA0735-8A78-41E0-A1AC-CF2087F363BD}.Release|x86.Build.0 = Release|Win32
	EndGlobalSection
	GlobalSection(SolutionProperties) = preSolution
		HideSolutionNode = FALSE
	EndGlobalSection
	GlobalSection(ExtensibilityGlobals) = postSolution
		SolutionGuid = {54AA3E02-CAA5-4826-B4EB-0D5E05EFFBCC}
	EndGlobalSection
EndGlobal
