
Microsoft Visual Studio Solution File, Format Version 12.00
# Visual Studio Version 16
VisualStudioVersion = 16.0.31402.337
MinimumVisualStudioVersion = 10.0.40219.1
Project("{8BC9CEB8-8B4A-11D0-8D11-00A0C91BC942}") = "第七章习题", "第七章习题\第七章习题.vcxproj", "{AFBDC9E6-E408-48F8-9232-6120AEEC03A8}"
EndProject
Global
	GlobalSection(SolutionConfigurationPlatforms) = preSolution
		Debug|x64 = Debug|x64
		Debug|x86 = Debug|x86
		Release|x64 = Release|x64
		Release|x86 = Release|x86
	EndGlobalSection
	GlobalSection(ProjectConfigurationPlatforms) = postSolution
		{AFBDC9E6-E408-48F8-9232-6120AEEC03A8}.Debug|x64.ActiveCfg = Debug|x64
		{AFBDC9E6-E408-48F8-9232-6120AEEC03A8}.Debug|x64.Build.0 = Debug|x64
		{AFBDC9E6-E408-48F8-9232-6120AEEC03A8}.Debug|x86.ActiveCfg = Debug|Win32
		{AFBDC9E6-E408-48F8-9232-6120AEEC03A8}.Debug|x86.Build.0 = Debug|Win32
		{AFBDC9E6-E408-48F8-9232-6120AEEC03A8}.Release|x64.ActiveCfg = Release|x64
		{AFBDC9E6-E408-48F8-9232-6120AEEC03A8}.Release|x64.Build.0 = Release|x64
		{AFBDC9E6-E408-48F8-9232-6120AEEC03A8}.Release|x86.ActiveCfg = Release|Win32
		{AFBDC9E6-E408-48F8-9232-6120AEEC03A8}.Release|x86.Build.0 = Release|Win32
	EndGlobalSection
	GlobalSection(SolutionProperties) = preSolution
		HideSolutionNode = FALSE
	EndGlobalSection
	GlobalSection(ExtensibilityGlobals) = postSolution
		SolutionGuid = {8C189095-3DB9-41CE-8737-356A54B616DA}
	EndGlobalSection
EndGlobal
